
Microsoft Visual Studio Solution File, Format Version 12.00
# Visual Studio Version 17
VisualStudioVersion = 17.2.32526.322
MinimumVisualStudioVersion = 10.0.40219.1
Project("{FAE04EC0-301F-11D3-BF4B-00C04F79EFBC}") = "task2_winform", "task2_winform\task2_winform.csproj", "{1BCA0365-C1F7-48B1-8AA8-9AE2B1FA7AF6}"
EndProject
Global
	GlobalSection(SolutionConfigurationPlatforms) = preSolution
		Debug|Any CPU = Debug|Any CPU
		Release|Any CPU = Release|Any CPU
	EndGlobalSection
	GlobalSection(ProjectConfigurationPlatforms) = postSolution
		{1BCA0365-C1F7-48B1-8AA8-9AE2B1FA7AF6}.Debug|Any CPU.ActiveCfg = Debug|Any CPU
		{1BCA0365-C1F7-48B1-8AA8-9AE2B1FA7AF6}.Debug|Any CPU.Build.0 = Debug|Any CPU
		{1BCA0365-C1F7-48B1-8AA8-9AE2B1FA7AF6}.Release|Any CPU.ActiveCfg = Release|Any CPU
		{1BCA0365-C1F7-48B1-8AA8-9AE2B1FA7AF6}.Release|Any CPU.Build.0 = Release|Any CPU
	EndGlobalSection
	GlobalSection(SolutionProperties) = preSolution
		HideSolutionNode = FALSE
	EndGlobalSection
	GlobalSection(ExtensibilityGlobals) = postSolution
		SolutionGuid = {191CA318-B2D5-4714-90AB-67F8F02AF542}
	EndGlobalSection
EndGlobal
